
Microsoft Visual Studio Solution File, Format Version 12.00
# Visual Studio Version 17
VisualStudioVersion = 17.9.34728.123
MinimumVisualStudioVersion = 10.0.40219.1
Project("{2150E333-8FDC-42A3-9474-1A3956D46DE8}") = "20240603_WPF基础控件", "20240603_WPF基础控件", "{E842E919-6673-4E40-9AEA-28B1FF5E2CD0}"
EndProject
Project("{2150E333-8FDC-42A3-9474-1A3956D46DE8}") = "20240606_WPF对象画刷", "20240606_WPF对象画刷", "{E995DCDE-73C5-4756-831E-D1E5191C8BCC}"
EndProject
Project("{2150E333-8FDC-42A3-9474-1A3956D46DE8}") = "20240606_WPF对象变形", "20240606_WPF对象变形", "{50C49D41-4B67-4E03-9A1C-0ED75DE4C890}"
EndProject
Project("{2150E333-8FDC-42A3-9474-1A3956D46DE8}") = "20240620_WPF对象效果", "20240620_WPF对象效果", "{1C0E990F-4156-4909-BF8A-4244FEE02C59}"
EndProject
Project("{2150E333-8FDC-42A3-9474-1A3956D46DE8}") = "20240623_WPF3D图形渲染和模型对接", "20240623_WPF3D图形渲染和模型对接", "{EC6B215F-FA96-498E-A986-CF9E1E4D42B5}"
EndProject
Project("{2150E333-8FDC-42A3-9474-1A3956D46DE8}") = "20240625_WPF布局控件", "20240625_WPF布局控件", "{25B8A20F-FEDD-46B4-9BA8-4096319C3BC8}"
EndProject
Project("{2150E333-8FDC-42A3-9474-1A3956D46DE8}") = "20240630_WPF样式与资源", "20240630_WPF样式与资源", "{77065221-FB33-4ABC-A1D8-AA856893E4F6}"
EndProject
Project("{2150E333-8FDC-42A3-9474-1A3956D46DE8}") = "20240701_WPF控件模板", "20240701_WPF控件模板", "{749A9F9B-E7F2-4492-8FE0-57EE9D5AA2F7}"
EndProject
Project("{9A19103F-16F7-4668-BE54-9A1E7A4F7556}") = "XH.TemplateLesson", "20240701_WPF控件模板\XH.TemplateLesson\XH.TemplateLesson.csproj", "{D2E8DDC7-26D6-423D-A842-D4A5C4093D19}"
EndProject
Project("{9A19103F-16F7-4668-BE54-9A1E7A4F7556}") = "XH.WPFBasicControls", "20240603_WPF基础控件\XH.WPFBasicControls\XH.WPFBasicControls.csproj", "{F4397D95-5202-4E25-BF3E-80309DB45B99}"
EndProject
Project("{9A19103F-16F7-4668-BE54-9A1E7A4F7556}") = "XH.WPFObjectDeformation", "20240606_WPF对象变形\XH.WPFObjectDeformation\XH.WPFObjectDeformation.csproj", "{5A5150ED-EDC0-4118-BC3E-14582A199BB3}"
EndProject
Project("{9A19103F-16F7-4668-BE54-9A1E7A4F7556}") = "XH.WPFObjectBrush", "20240606_WPF对象画刷\XH.WPFObjectBrush\XH.WPFObjectBrush.csproj", "{41423C12-1486-41B6-8430-F90E837A75C4}"
EndProject
Project("{9A19103F-16F7-4668-BE54-9A1E7A4F7556}") = "XH.EffectLesson", "20240620_WPF对象效果\XH.EffectLesson\XH.EffectLesson.csproj", "{1C40BB4D-3DEC-489F-9F6B-DA5AD866F97D}"
EndProject
Project("{9A19103F-16F7-4668-BE54-9A1E7A4F7556}") = "XH.PclLesson", "20240623_WPF3D图形渲染和模型对接\XH.PclLesson\XH.PclLesson.csproj", "{F0433522-5E76-47A4-973E-93924D0B1313}"
EndProject
Project("{9A19103F-16F7-4668-BE54-9A1E7A4F7556}") = "XH.ThreeDLesson", "20240623_WPF3D图形渲染和模型对接\XH.ThreeDLesson\XH.ThreeDLesson.csproj", "{D07B2497-C13C-497E-BA2E-6E6C07F9F008}"
EndProject
Project("{9A19103F-16F7-4668-BE54-9A1E7A4F7556}") = "XH.LayoutLesson", "20240625_WPF布局控件\XH.LayoutLesson\XH.LayoutLesson.csproj", "{36A1EF83-4019-4836-8528-824DB4AE9506}"
EndProject
Project("{9A19103F-16F7-4668-BE54-9A1E7A4F7556}") = "XH.StyleLesson", "20240630_WPF样式与资源\XH.StyleLesson\XH.StyleLesson.csproj", "{DE644420-4891-4AB7-B45E-24DDE79765BB}"
EndProject
Project("{9A19103F-16F7-4668-BE54-9A1E7A4F7556}") = "XH.Assets", "20240630_WPF样式与资源\XH.Assets\XH.Assets.csproj", "{C4EB5D2D-2336-469C-B304-51B3D3D08848}"
EndProject
Project("{2150E333-8FDC-42A3-9474-1A3956D46DE8}") = "20240706_WPF依赖属性", "20240706_WPF依赖属性", "{EC17FB48-9F25-466F-B040-244497683F81}"
EndProject
Project("{2150E333-8FDC-42A3-9474-1A3956D46DE8}") = "20240708_WPF数据绑定", "20240708_WPF数据绑定", "{9F624590-DD39-450F-B5CC-2837F60A4157}"
EndProject
Project("{9A19103F-16F7-4668-BE54-9A1E7A4F7556}") = "XH.PropertyLesson", "20240706_WPF依赖属性\XH.PropertyLesson\XH.PropertyLesson.csproj", "{0B7766FA-CBE1-4BA1-8B74-3C9F5B3C5378}"
EndProject
Project("{9A19103F-16F7-4668-BE54-9A1E7A4F7556}") = "XH.BindingLesson", "20240708_WPF数据绑定\XH.BindingLesson\XH.BindingLesson.csproj", "{7A310A4E-71DB-4199-B958-0743EECD1806}"
EndProject
Project("{2150E333-8FDC-42A3-9474-1A3956D46DE8}") = "20240714_WPF事件", "20240714_WPF事件", "{F8626989-1A5E-4979-BBB4-02983DB6FFE9}"
EndProject
Project("{9A19103F-16F7-4668-BE54-9A1E7A4F7556}") = "XH.EventLesson", "20240714_WPF事件\XH.EventLesson\XH.EventLesson.csproj", "{EC38F5B0-B8AC-4A1A-97A6-9441BD143EC1}"
EndProject
Project("{2150E333-8FDC-42A3-9474-1A3956D46DE8}") = "20240719_WPF动画", "20240719_WPF动画", "{EB5C0496-983F-45C1-955C-2BA0BD1C869E}"
EndProject
Project("{9A19103F-16F7-4668-BE54-9A1E7A4F7556}") = "XH.AnimationLesson", "20240719_WPF动画\XH.AnimationLesson\XH.AnimationLesson.csproj", "{B12526BA-A6D2-4DE6-A302-716A07211D40}"
EndProject
Project("{2150E333-8FDC-42A3-9474-1A3956D46DE8}") = "20240724_WPF自定义控件", "20240724_WPF自定义控件", "{9BB9FD55-2CD5-496B-8501-959B9F807FE9}"
EndProject
Project("{9A19103F-16F7-4668-BE54-9A1E7A4F7556}") = "XH.CustomLesson", "20240724_WPF自定义控件\XH.CustomLesson\XH.CustomLesson.csproj", "{551112A6-DCF2-4E17-912D-5658B28B1483}"
EndProject
Project("{2150E333-8FDC-42A3-9474-1A3956D46DE8}") = "20240727_WPFMvvm", "20240727_WPFMvvm", "{ABCC4447-74FB-4190-88D5-3F66D79B0706}"
EndProject
Project("{9A19103F-16F7-4668-BE54-9A1E7A4F7556}") = "XH.MvvmLesson", "20240727_WPFMVVM\XH.MvvmLesson\XH.MvvmLesson.csproj", "{9E5CE81A-FBF6-4192-AE0F-24B4CFA64CFC}"
EndProject
Project("{9A19103F-16F7-4668-BE54-9A1E7A4F7556}") = "XH.MvvmPattern", "20240727_WPFMvvm\XH.MvvmPattern\XH.MvvmPattern.csproj", "{2A1C02C9-8831-4FB3-8241-E3C5B460E9D1}"
EndProject
Project("{9A19103F-16F7-4668-BE54-9A1E7A4F7556}") = "XH.Mvvm", "20240727_WPFMvvm\XH.Mvvm\XH.Mvvm.csproj", "{57857E95-9D44-4A1E-95BF-106D0775348A}"
EndProject
Project("{9A19103F-16F7-4668-BE54-9A1E7A4F7556}") = "XH.MvvmLightLesson", "20240727_WPFMvvm\XH.MvvmLightLesson\XH.MvvmLightLesson.csproj", "{D4D9148D-F50C-46D5-BCE4-1CAF4EE21F52}"
EndProject
Project("{FAE04EC0-301F-11D3-BF4B-00C04F79EFBC}") = "XH.MvvmLightLesson.FW", "20240727_WPFMvvm\XH.MvvmLightLesson.FW\XH.MvvmLightLesson.FW.csproj", "{E7604AAC-1EE7-4CCF-9C6D-B75014F94549}"
EndProject
Project("{9A19103F-16F7-4668-BE54-9A1E7A4F7556}") = "XH.CommunityToolkitMvvm.Lesson", "20240727_WPFMvvm\XH.CommunityToolkitMvvm.Lesson\XH.CommunityToolkitMvvm.Lesson.csproj", "{2DA7521A-9C81-414B-95F6-7EFB53B8ED29}"
EndProject
Project("{2150E333-8FDC-42A3-9474-1A3956D46DE8}") = "XH.PrismLesson", "XH.PrismLesson", "{F7795EE6-B026-4753-955C-80D299DF7D22}"
EndProject
Project("{2150E333-8FDC-42A3-9474-1A3956D46DE8}") = "1.Prism基础对象", "1.Prism基础对象", "{73CBAB15-08A4-4500-913F-8F50FB46EAA5}"
EndProject
Project("{9A19103F-16F7-4668-BE54-9A1E7A4F7556}") = "XH.MvvmBaseObject", "20240727_WPFMvvm\XH.PrismLesson\XH.MvvmBaseObject\XH.MvvmBaseObject.csproj", "{3C0FFF08-D06A-4008-A857-3B02F9292472}"
EndProject
Project("{2150E333-8FDC-42A3-9474-1A3956D46DE8}") = "2.Prism项目架构", "2.Prism项目架构", "{0B4EFE65-1198-4093-9C38-0584DE395B19}"
EndProject
Project("{9A19103F-16F7-4668-BE54-9A1E7A4F7556}") = "XH.PrismInitialize", "20240727_WPFMvvm\XH.PrismLesson\XH.PrismInitialize\XH.PrismInitialize.csproj", "{E9723739-C9A4-41C5-96D3-7FFCE921C920}"
EndProject
Project("{2150E333-8FDC-42A3-9474-1A3956D46DE8}") = "3.消息对象（事件总线）", "3.消息对象（事件总线）", "{1BB65990-833E-4714-8051-FA0CFE71A90B}"
EndProject
Project("{9A19103F-16F7-4668-BE54-9A1E7A4F7556}") = "XH.PrismEventAggregator", "20240727_WPFMvvm\XH.PrismLesson\XH.PrismEventAggregator\XH.PrismEventAggregator.csproj", "{8362B2D0-92DF-4A9D-B048-7A81B3321FA9}"
EndProject
Project("{2150E333-8FDC-42A3-9474-1A3956D46DE8}") = "4.弹出窗口", "4.弹出窗口", "{CDDD384E-DCC7-4376-9C52-ADE3E16A995E}"
EndProject
Project("{9A19103F-16F7-4668-BE54-9A1E7A4F7556}") = "XH.PrismDialog", "20240727_WPFMvvm\XH.PrismLesson\XH.PrismDialog\XH.PrismDialog.csproj", "{F02DF2AD-0E98-4444-90D0-EAE7E1649B5F}"
EndProject
Project("{2150E333-8FDC-42A3-9474-1A3956D46DE8}") = "5.ViewModelLocator", "5.ViewModelLocator", "{D88E714F-998E-4057-9E5C-008C4B61D8D2}"
EndProject
Project("{9A19103F-16F7-4668-BE54-9A1E7A4F7556}") = "XH.PrismViewModelLocator", "20240727_WPFMvvm\XH.PrismLesson\XH.PrismViewModelLocator\XH.PrismViewModelLocator.csproj", "{DD081848-2C12-4030-A939-0FA1AB8879DC}"
EndProject
Project("{2150E333-8FDC-42A3-9474-1A3956D46DE8}") = "6.区域管理", "6.区域管理", "{5FDD95C3-E3D8-42AF-9257-16CD4B3A4CAA}"
EndProject
Project("{9A19103F-16F7-4668-BE54-9A1E7A4F7556}") = "XH.PrismRegion.Base", "20240727_WPFMvvm\XH.PrismLesson\XH.PrismRegion.Base\XH.PrismRegion.Base.csproj", "{D01A9E9A-2AF7-451C-9948-237A604C37E1}"
EndProject
Project("{9A19103F-16F7-4668-BE54-9A1E7A4F7556}") = "XH.PrismRegion.Navigation", "20240727_WPFMvvm\XH.PrismLesson\XH.PrismRegion.Navigation\XH.PrismRegion.Navigation.csproj", "{2AE77CD1-B234-4D2B-802E-98ACBA5D7D69}"
EndProject
Project("{9A19103F-16F7-4668-BE54-9A1E7A4F7556}") = "XH.PrismRegion.Journal", "20240727_WPFMvvm\XH.PrismLesson\XH.PrismRegion.Journal\XH.PrismRegion.Journal.csproj", "{4453A3DF-0FDC-4694-9F04-34204F44C04E}"
EndProject
Project("{9A19103F-16F7-4668-BE54-9A1E7A4F7556}") = "XH.PrismRegion.Self", "20240727_WPFMvvm\XH.PrismLesson\XH.PrismRegion.Self\XH.PrismRegion.Self.csproj", "{20163AA5-B5E6-487D-AE7E-CA3525762047}"
EndProject
Project("{9A19103F-16F7-4668-BE54-9A1E7A4F7556}") = "XH.PrismRegion.NewRegion", "20240727_WPFMvvm\XH.PrismLesson\XH.PrismRegion.NewRegion\XH.PrismRegion.NewRegion.csproj", "{5C90F043-D5D3-4099-A887-86213BD5E2D3}"
EndProject
Project("{9A19103F-16F7-4668-BE54-9A1E7A4F7556}") = "XH.PrismRegion.Composite", "20240727_WPFMvvm\XH.PrismLesson\XH.PrismRegion.Composite\XH.PrismRegion.Composite.csproj", "{CF832B70-F089-4F4E-8EC8-B89322F9C7B7}"
EndProject
Project("{2150E333-8FDC-42A3-9474-1A3956D46DE8}") = "7.模块化", "7.模块化", "{5B0FAF6C-46A2-4AF8-AF94-16725D8FFE50}"
EndProject
Project("{9A19103F-16F7-4668-BE54-9A1E7A4F7556}") = "XH.PrismModule", "20240727_WPFMvvm\XH.PrismLesson\XH.PrismModule\XH.PrismModule.csproj", "{4FCFBD83-6BE1-4F9D-9897-11214F40EC77}"
EndProject
Project("{9A19103F-16F7-4668-BE54-9A1E7A4F7556}") = "XH.PrismModule.ModuleA", "20240727_WPFMvvm\XH.PrismLesson\XH.PrismModule.ModuleA\XH.PrismModule.ModuleA.csproj", "{32F6782E-1278-4267-AD1F-D6615E286786}"
EndProject
Project("{FAE04EC0-301F-11D3-BF4B-00C04F79EFBC}") = "WpfApp1", "20240727_WPFMvvm\XH.PrismLesson\WpfApp1\WpfApp1.csproj", "{7206BCE7-39D2-4B31-BDFF-0ED0B10A3292}"
EndProject
Project("{9A19103F-16F7-4668-BE54-9A1E7A4F7556}") = "XH.CMLesson", "20240727_WPFMvvm\XH.CMLesson\XH.CMLesson.csproj", "{35882FC6-7564-4117-9579-74FAE5A5EFEE}"
EndProject
Project("{9A19103F-16F7-4668-BE54-9A1E7A4F7556}") = "XH.CMLesson.EA", "20240727_WPFMvvm\XH.CMLesson.EA\XH.CMLesson.EA.csproj", "{FD0CA861-5AC8-4B13-9A19-88988F25AE46}"
EndProject
Project("{2150E333-8FDC-42A3-9474-1A3956D46DE8}") = "Caliburn.Micro", "Caliburn.Micro", "{67D72533-D676-4913-9C70-F2487FC494C0}"
EndProject
Project("{9A19103F-16F7-4668-BE54-9A1E7A4F7556}") = "XH.CMLesson.WM", "20240727_WPFMvvm\XH.CMLesson.WM\XH.CMLesson.WM.csproj", "{CD064A21-EAAA-47F3-B486-28046C1DCE4E}"
EndProject
Project("{9A19103F-16F7-4668-BE54-9A1E7A4F7556}") = "XH.CMLesson.MultiPage", "20240727_WPFMvvm\XH.CMLesson.MultiPage\XH.CMLesson.MultiPage.csproj", "{FCAD4CAF-9EE4-42FB-88D0-1A18D5859550}"
EndProject
Project("{2150E333-8FDC-42A3-9474-1A3956D46DE8}") = "20240818_AutofacIoc_Aop", "20240818_AutofacIoc_Aop", "{1884432C-987C-4F0A-8DB4-8586FF49F029}"
EndProject
Project("{2150E333-8FDC-42A3-9474-1A3956D46DE8}") = "20240819_Ado.Net_EFCore_Redis", "20240819_Ado.Net_EFCore_Redis", "{58697731-A2DA-4D6C-856D-D4B731DBF720}"
EndProject
Project("{2150E333-8FDC-42A3-9474-1A3956D46DE8}") = "20240823_Thread", "20240823_Thread", "{F27BD918-753F-4D01-AD5B-C5E812BF3556}"
EndProject
Project("{9A19103F-16F7-4668-BE54-9A1E7A4F7556}") = "XH.AutofacIoc", "20240818_AutofacIoc_Aop\XH.AutofacIoc\XH.AutofacIoc.csproj", "{4F56FD06-F611-4AEF-B81C-A36EF31E0DCF}"
EndProject
Project("{9A19103F-16F7-4668-BE54-9A1E7A4F7556}") = "XH.AutofacWPF", "20240818_AutofacIoc_Aop\XH.AutofacWPF\XH.AutofacWPF.csproj", "{120FE849-29F1-474A-8855-135B10D235DF}"
EndProject
Project("{9A19103F-16F7-4668-BE54-9A1E7A4F7556}") = "XH.DynamicProxy", "20240818_AutofacIoc_Aop\XH.DynamicProxy\XH.DynamicProxy.csproj", "{4D9D00C8-35F8-4AAF-9CF0-B439B540DBB0}"
EndProject
Project("{9A19103F-16F7-4668-BE54-9A1E7A4F7556}") = "XH.UnityWPF", "20240818_AutofacIoc_Aop\XH.UnityWPF\XH.UnityWPF.csproj", "{31C3C0CA-C970-44D9-BA0A-32FE59A0C974}"
EndProject
Project("{9A19103F-16F7-4668-BE54-9A1E7A4F7556}") = "XH.AdoNetDemo", "20240819_Ado.Net_EFCore_Redis\XH.AdoNetDemo\XH.AdoNetDemo.csproj", "{AC5E2F5E-15A9-4F24-9365-22A95E54AC80}"
EndProject
Project("{9A19103F-16F7-4668-BE54-9A1E7A4F7556}") = "XH.AdoNetWPF", "20240819_Ado.Net_EFCore_Redis\XH.AdoNetWPF\XH.AdoNetWPF.csproj", "{0C75AAF8-AD0D-4872-A576-8A43DF49B1BE}"
EndProject
Project("{9A19103F-16F7-4668-BE54-9A1E7A4F7556}") = "XH.DbModels", "20240819_Ado.Net_EFCore_Redis\XH.DbModels\XH.DbModels.csproj", "{BEB1FB5D-7D01-4937-BA5A-D11DA2883DBE}"
EndProject
Project("{9A19103F-16F7-4668-BE54-9A1E7A4F7556}") = "XH.Interfaces", "20240819_Ado.Net_EFCore_Redis\XH.Interfaces\XH.Interfaces.csproj", "{E86CB5E0-132B-4A3F-BBF0-35720B1DCC86}"
EndProject
Project("{9A19103F-16F7-4668-BE54-9A1E7A4F7556}") = "XH.RedisConsole", "20240819_Ado.Net_EFCore_Redis\XH.RedisConsole\XH.RedisConsole.csproj", "{398A4683-B6BF-4CB6-8703-8D3FFDFD0CC7}"
EndProject
Project("{9A19103F-16F7-4668-BE54-9A1E7A4F7556}") = "XH.Services", "20240819_Ado.Net_EFCore_Redis\XH.Services\XH.Services.csproj", "{FF3C045E-3FB1-4647-88B1-55ECD75019D1}"
EndProject
Project("{9A19103F-16F7-4668-BE54-9A1E7A4F7556}") = "XH.WebApi", "20240819_Ado.Net_EFCore_Redis\XH.WebApi\XH.WebApi.csproj", "{90547D18-0BA0-4ED6-BE6A-194A690D86A8}"
EndProject
Project("{FAE04EC0-301F-11D3-BF4B-00C04F79EFBC}") = "XH.ThreadDemo", "20240823_Thread\XH.ThreadDemo\XH.ThreadDemo.csproj", "{51C13B08-48CF-4915-AD5D-4D0B9D04A1C2}"
EndProject
Global
	GlobalSection(SolutionConfigurationPlatforms) = preSolution
		Debug|Any CPU = Debug|Any CPU
		Release|Any CPU = Release|Any CPU
	EndGlobalSection
	GlobalSection(ProjectConfigurationPlatforms) = postSolution
		{D2E8DDC7-26D6-423D-A842-D4A5C4093D19}.Debug|Any CPU.ActiveCfg = Debug|Any CPU
		{D2E8DDC7-26D6-423D-A842-D4A5C4093D19}.Debug|Any CPU.Build.0 = Debug|Any CPU
		{D2E8DDC7-26D6-423D-A842-D4A5C4093D19}.Release|Any CPU.ActiveCfg = Release|Any CPU
		{D2E8DDC7-26D6-423D-A842-D4A5C4093D19}.Release|Any CPU.Build.0 = Release|Any CPU
		{F4397D95-5202-4E25-BF3E-80309DB45B99}.Debug|Any CPU.ActiveCfg = Debug|Any CPU
		{F4397D95-5202-4E25-BF3E-80309DB45B99}.Debug|Any CPU.Build.0 = Debug|Any CPU
		{F4397D95-5202-4E25-BF3E-80309DB45B99}.Release|Any CPU.ActiveCfg = Release|Any CPU
		{F4397D95-5202-4E25-BF3E-80309DB45B99}.Release|Any CPU.Build.0 = Release|Any CPU
		{5A5150ED-EDC0-4118-BC3E-14582A199BB3}.Debug|Any CPU.ActiveCfg = Debug|Any CPU
		{5A5150ED-EDC0-4118-BC3E-14582A199BB3}.Debug|Any CPU.Build.0 = Debug|Any CPU
		{5A5150ED-EDC0-4118-BC3E-14582A199BB3}.Release|Any CPU.ActiveCfg = Release|Any CPU
		{5A5150ED-EDC0-4118-BC3E-14582A199BB3}.Release|Any CPU.Build.0 = Release|Any CPU
		{41423C12-1486-41B6-8430-F90E837A75C4}.Debug|Any CPU.ActiveCfg = Debug|Any CPU
		{41423C12-1486-41B6-8430-F90E837A75C4}.Debug|Any CPU.Build.0 = Debug|Any CPU
		{41423C12-1486-41B6-8430-F90E837A75C4}.Release|Any CPU.ActiveCfg = Release|Any CPU
		{41423C12-1486-41B6-8430-F90E837A75C4}.Release|Any CPU.Build.0 = Release|Any CPU
		{1C40BB4D-3DEC-489F-9F6B-DA5AD866F97D}.Debug|Any CPU.ActiveCfg = Debug|Any CPU
		{1C40BB4D-3DEC-489F-9F6B-DA5AD866F97D}.Debug|Any CPU.Build.0 = Debug|Any CPU
		{1C40BB4D-3DEC-489F-9F6B-DA5AD866F97D}.Release|Any CPU.ActiveCfg = Release|Any CPU
		{1C40BB4D-3DEC-489F-9F6B-DA5AD866F97D}.Release|Any CPU.Build.0 = Release|Any CPU
		{F0433522-5E76-47A4-973E-93924D0B1313}.Debug|Any CPU.ActiveCfg = Debug|Any CPU
		{F0433522-5E76-47A4-973E-93924D0B1313}.Debug|Any CPU.Build.0 = Debug|Any CPU
		{F0433522-5E76-47A4-973E-93924D0B1313}.Release|Any CPU.ActiveCfg = Release|Any CPU
		{F0433522-5E76-47A4-973E-93924D0B1313}.Release|Any CPU.Build.0 = Release|Any CPU
		{D07B2497-C13C-497E-BA2E-6E6C07F9F008}.Debug|Any CPU.ActiveCfg = Debug|Any CPU
		{D07B2497-C13C-497E-BA2E-6E6C07F9F008}.Debug|Any CPU.Build.0 = Debug|Any CPU
		{D07B2497-C13C-497E-BA2E-6E6C07F9F008}.Release|Any CPU.ActiveCfg = Release|Any CPU
		{D07B2497-C13C-497E-BA2E-6E6C07F9F008}.Release|Any CPU.Build.0 = Release|Any CPU
		{36A1EF83-4019-4836-8528-824DB4AE9506}.Debug|Any CPU.ActiveCfg = Debug|Any CPU
		{36A1EF83-4019-4836-8528-824DB4AE9506}.Debug|Any CPU.Build.0 = Debug|Any CPU
		{36A1EF83-4019-4836-8528-824DB4AE9506}.Release|Any CPU.ActiveCfg = Release|Any CPU
		{36A1EF83-4019-4836-8528-824DB4AE9506}.Release|Any CPU.Build.0 = Release|Any CPU
		{DE644420-4891-4AB7-B45E-24DDE79765BB}.Debug|Any CPU.ActiveCfg = Debug|Any CPU
		{DE644420-4891-4AB7-B45E-24DDE79765BB}.Debug|Any CPU.Build.0 = Debug|Any CPU
		{DE644420-4891-4AB7-B45E-24DDE79765BB}.Release|Any CPU.ActiveCfg = Release|Any CPU
		{DE644420-4891-4AB7-B45E-24DDE79765BB}.Release|Any CPU.Build.0 = Release|Any CPU
		{C4EB5D2D-2336-469C-B304-51B3D3D08848}.Debug|Any CPU.ActiveCfg = Debug|Any CPU
		{C4EB5D2D-2336-469C-B304-51B3D3D08848}.Debug|Any CPU.Build.0 = Debug|Any CPU
		{C4EB5D2D-2336-469C-B304-51B3D3D08848}.Release|Any CPU.ActiveCfg = Release|Any CPU
		{C4EB5D2D-2336-469C-B304-51B3D3D08848}.Release|Any CPU.Build.0 = Release|Any CPU
		{0B7766FA-CBE1-4BA1-8B74-3C9F5B3C5378}.Debug|Any CPU.ActiveCfg = Debug|Any CPU
		{0B7766FA-CBE1-4BA1-8B74-3C9F5B3C5378}.Debug|Any CPU.Build.0 = Debug|Any CPU
		{0B7766FA-CBE1-4BA1-8B74-3C9F5B3C5378}.Release|Any CPU.ActiveCfg = Release|Any CPU
		{0B7766FA-CBE1-4BA1-8B74-3C9F5B3C5378}.Release|Any CPU.Build.0 = Release|Any CPU
		{7A310A4E-71DB-4199-B958-0743EECD1806}.Debug|Any CPU.ActiveCfg = Debug|Any CPU
		{7A310A4E-71DB-4199-B958-0743EECD1806}.Debug|Any CPU.Build.0 = Debug|Any CPU
		{7A310A4E-71DB-4199-B958-0743EECD1806}.Release|Any CPU.ActiveCfg = Release|Any CPU
		{7A310A4E-71DB-4199-B958-0743EECD1806}.Release|Any CPU.Build.0 = Release|Any CPU
		{EC38F5B0-B8AC-4A1A-97A6-9441BD143EC1}.Debug|Any CPU.ActiveCfg = Debug|Any CPU
		{EC38F5B0-B8AC-4A1A-97A6-9441BD143EC1}.Debug|Any CPU.Build.0 = Debug|Any CPU
		{EC38F5B0-B8AC-4A1A-97A6-9441BD143EC1}.Release|Any CPU.ActiveCfg = Release|Any CPU
		{EC38F5B0-B8AC-4A1A-97A6-9441BD143EC1}.Release|Any CPU.Build.0 = Release|Any CPU
		{B12526BA-A6D2-4DE6-A302-716A07211D40}.Debug|Any CPU.ActiveCfg = Debug|Any CPU
		{B12526BA-A6D2-4DE6-A302-716A07211D40}.Debug|Any CPU.Build.0 = Debug|Any CPU
		{B12526BA-A6D2-4DE6-A302-716A07211D40}.Release|Any CPU.ActiveCfg = Release|Any CPU
		{B12526BA-A6D2-4DE6-A302-716A07211D40}.Release|Any CPU.Build.0 = Release|Any CPU
		{551112A6-DCF2-4E17-912D-5658B28B1483}.Debug|Any CPU.ActiveCfg = Debug|Any CPU
		{551112A6-DCF2-4E17-912D-5658B28B1483}.Debug|Any CPU.Build.0 = Debug|Any CPU
		{551112A6-DCF2-4E17-912D-5658B28B1483}.Release|Any CPU.ActiveCfg = Release|Any CPU
		{551112A6-DCF2-4E17-912D-5658B28B1483}.Release|Any CPU.Build.0 = Release|Any CPU
		{9E5CE81A-FBF6-4192-AE0F-24B4CFA64CFC}.Debug|Any CPU.ActiveCfg = Debug|Any CPU
		{9E5CE81A-FBF6-4192-AE0F-24B4CFA64CFC}.Debug|Any CPU.Build.0 = Debug|Any CPU
		{9E5CE81A-FBF6-4192-AE0F-24B4CFA64CFC}.Release|Any CPU.ActiveCfg = Release|Any CPU
		{9E5CE81A-FBF6-4192-AE0F-24B4CFA64CFC}.Release|Any CPU.Build.0 = Release|Any CPU
		{2A1C02C9-8831-4FB3-8241-E3C5B460E9D1}.Debug|Any CPU.ActiveCfg = Debug|Any CPU
		{2A1C02C9-8831-4FB3-8241-E3C5B460E9D1}.Debug|Any CPU.Build.0 = Debug|Any CPU
		{2A1C02C9-8831-4FB3-8241-E3C5B460E9D1}.Release|Any CPU.ActiveCfg = Release|Any CPU
		{2A1C02C9-8831-4FB3-8241-E3C5B460E9D1}.Release|Any CPU.Build.0 = Release|Any CPU
		{57857E95-9D44-4A1E-95BF-106D0775348A}.Debug|Any CPU.ActiveCfg = Debug|Any CPU
		{57857E95-9D44-4A1E-95BF-106D0775348A}.Debug|Any CPU.Build.0 = Debug|Any CPU
		{57857E95-9D44-4A1E-95BF-106D0775348A}.Release|Any CPU.ActiveCfg = Release|Any CPU
		{57857E95-9D44-4A1E-95BF-106D0775348A}.Release|Any CPU.Build.0 = Release|Any CPU
		{D4D9148D-F50C-46D5-BCE4-1CAF4EE21F52}.Debug|Any CPU.ActiveCfg = Debug|Any CPU
		{D4D9148D-F50C-46D5-BCE4-1CAF4EE21F52}.Debug|Any CPU.Build.0 = Debug|Any CPU
		{D4D9148D-F50C-46D5-BCE4-1CAF4EE21F52}.Release|Any CPU.ActiveCfg = Release|Any CPU
		{D4D9148D-F50C-46D5-BCE4-1CAF4EE21F52}.Release|Any CPU.Build.0 = Release|Any CPU
		{E7604AAC-1EE7-4CCF-9C6D-B75014F94549}.Debug|Any CPU.ActiveCfg = Debug|Any CPU
		{E7604AAC-1EE7-4CCF-9C6D-B75014F94549}.Debug|Any CPU.Build.0 = Debug|Any CPU
		{E7604AAC-1EE7-4CCF-9C6D-B75014F94549}.Release|Any CPU.ActiveCfg = Release|Any CPU
		{E7604AAC-1EE7-4CCF-9C6D-B75014F94549}.Release|Any CPU.Build.0 = Release|Any CPU
		{2DA7521A-9C81-414B-95F6-7EFB53B8ED29}.Debug|Any CPU.ActiveCfg = Debug|Any CPU
		{2DA7521A-9C81-414B-95F6-7EFB53B8ED29}.Debug|Any CPU.Build.0 = Debug|Any CPU
		{2DA7521A-9C81-414B-95F6-7EFB53B8ED29}.Release|Any CPU.ActiveCfg = Release|Any CPU
		{2DA7521A-9C81-414B-95F6-7EFB53B8ED29}.Release|Any CPU.Build.0 = Release|Any CPU
		{3C0FFF08-D06A-4008-A857-3B02F9292472}.Debug|Any CPU.ActiveCfg = Debug|Any CPU
		{3C0FFF08-D06A-4008-A857-3B02F9292472}.Debug|Any CPU.Build.0 = Debug|Any CPU
		{3C0FFF08-D06A-4008-A857-3B02F9292472}.Release|Any CPU.ActiveCfg = Release|Any CPU
		{3C0FFF08-D06A-4008-A857-3B02F9292472}.Release|Any CPU.Build.0 = Release|Any CPU
		{E9723739-C9A4-41C5-96D3-7FFCE921C920}.Debug|Any CPU.ActiveCfg = Debug|Any CPU
		{E9723739-C9A4-41C5-96D3-7FFCE921C920}.Debug|Any CPU.Build.0 = Debug|Any CPU
		{E9723739-C9A4-41C5-96D3-7FFCE921C920}.Release|Any CPU.ActiveCfg = Release|Any CPU
		{E9723739-C9A4-41C5-96D3-7FFCE921C920}.Release|Any CPU.Build.0 = Release|Any CPU
		{8362B2D0-92DF-4A9D-B048-7A81B3321FA9}.Debug|Any CPU.ActiveCfg = Debug|Any CPU
		{8362B2D0-92DF-4A9D-B048-7A81B3321FA9}.Debug|Any CPU.Build.0 = Debug|Any CPU
		{8362B2D0-92DF-4A9D-B048-7A81B3321FA9}.Release|Any CPU.ActiveCfg = Release|Any CPU
		{8362B2D0-92DF-4A9D-B048-7A81B3321FA9}.Release|Any CPU.Build.0 = Release|Any CPU
		{F02DF2AD-0E98-4444-90D0-EAE7E1649B5F}.Debug|Any CPU.ActiveCfg = Debug|Any CPU
		{F02DF2AD-0E98-4444-90D0-EAE7E1649B5F}.Debug|Any CPU.Build.0 = Debug|Any CPU
		{F02DF2AD-0E98-4444-90D0-EAE7E1649B5F}.Release|Any CPU.ActiveCfg = Release|Any CPU
		{F02DF2AD-0E98-4444-90D0-EAE7E1649B5F}.Release|Any CPU.Build.0 = Release|Any CPU
		{DD081848-2C12-4030-A939-0FA1AB8879DC}.Debug|Any CPU.ActiveCfg = Debug|Any CPU
		{DD081848-2C12-4030-A939-0FA1AB8879DC}.Debug|Any CPU.Build.0 = Debug|Any CPU
		{DD081848-2C12-4030-A939-0FA1AB8879DC}.Release|Any CPU.ActiveCfg = Release|Any CPU
		{DD081848-2C12-4030-A939-0FA1AB8879DC}.Release|Any CPU.Build.0 = Release|Any CPU
		{D01A9E9A-2AF7-451C-9948-237A604C37E1}.Debug|Any CPU.ActiveCfg = Debug|Any CPU
		{D01A9E9A-2AF7-451C-9948-237A604C37E1}.Debug|Any CPU.Build.0 = Debug|Any CPU
		{D01A9E9A-2AF7-451C-9948-237A604C37E1}.Release|Any CPU.ActiveCfg = Release|Any CPU
		{D01A9E9A-2AF7-451C-9948-237A604C37E1}.Release|Any CPU.Build.0 = Release|Any CPU
		{2AE77CD1-B234-4D2B-802E-98ACBA5D7D69}.Debug|Any CPU.ActiveCfg = Debug|Any CPU
		{2AE77CD1-B234-4D2B-802E-98ACBA5D7D69}.Debug|Any CPU.Build.0 = Debug|Any CPU
		{2AE77CD1-B234-4D2B-802E-98ACBA5D7D69}.Release|Any CPU.ActiveCfg = Release|Any CPU
		{2AE77CD1-B234-4D2B-802E-98ACBA5D7D69}.Release|Any CPU.Build.0 = Release|Any CPU
		{4453A3DF-0FDC-4694-9F04-34204F44C04E}.Debug|Any CPU.ActiveCfg = Debug|Any CPU
		{4453A3DF-0FDC-4694-9F04-34204F44C04E}.Debug|Any CPU.Build.0 = Debug|Any CPU
		{4453A3DF-0FDC-4694-9F04-34204F44C04E}.Release|Any CPU.ActiveCfg = Release|Any CPU
		{4453A3DF-0FDC-4694-9F04-34204F44C04E}.Release|Any CPU.Build.0 = Release|Any CPU
		{20163AA5-B5E6-487D-AE7E-CA3525762047}.Debug|Any CPU.ActiveCfg = Debug|Any CPU
		{20163AA5-B5E6-487D-AE7E-CA3525762047}.Debug|Any CPU.Build.0 = Debug|Any CPU
		{20163AA5-B5E6-487D-AE7E-CA3525762047}.Release|Any CPU.ActiveCfg = Release|Any CPU
		{20163AA5-B5E6-487D-AE7E-CA3525762047}.Release|Any CPU.Build.0 = Release|Any CPU
		{5C90F043-D5D3-4099-A887-86213BD5E2D3}.Debug|Any CPU.ActiveCfg = Debug|Any CPU
		{5C90F043-D5D3-4099-A887-86213BD5E2D3}.Debug|Any CPU.Build.0 = Debug|Any CPU
		{5C90F043-D5D3-4099-A887-86213BD5E2D3}.Release|Any CPU.ActiveCfg = Release|Any CPU
		{5C90F043-D5D3-4099-A887-86213BD5E2D3}.Release|Any CPU.Build.0 = Release|Any CPU
		{CF832B70-F089-4F4E-8EC8-B89322F9C7B7}.Debug|Any CPU.ActiveCfg = Debug|Any CPU
		{CF832B70-F089-4F4E-8EC8-B89322F9C7B7}.Debug|Any CPU.Build.0 = Debug|Any CPU
		{CF832B70-F089-4F4E-8EC8-B89322F9C7B7}.Release|Any CPU.ActiveCfg = Release|Any CPU
		{CF832B70-F089-4F4E-8EC8-B89322F9C7B7}.Release|Any CPU.Build.0 = Release|Any CPU
		{4FCFBD83-6BE1-4F9D-9897-11214F40EC77}.Debug|Any CPU.ActiveCfg = Debug|Any CPU
		{4FCFBD83-6BE1-4F9D-9897-11214F40EC77}.Debug|Any CPU.Build.0 = Debug|Any CPU
		{4FCFBD83-6BE1-4F9D-9897-11214F40EC77}.Release|Any CPU.ActiveCfg = Release|Any CPU
		{4FCFBD83-6BE1-4F9D-9897-11214F40EC77}.Release|Any CPU.Build.0 = Release|Any CPU
		{32F6782E-1278-4267-AD1F-D6615E286786}.Debug|Any CPU.ActiveCfg = Debug|Any CPU
		{32F6782E-1278-4267-AD1F-D6615E286786}.Debug|Any CPU.Build.0 = Debug|Any CPU
		{32F6782E-1278-4267-AD1F-D6615E286786}.Release|Any CPU.ActiveCfg = Release|Any CPU
		{32F6782E-1278-4267-AD1F-D6615E286786}.Release|Any CPU.Build.0 = Release|Any CPU
		{7206BCE7-39D2-4B31-BDFF-0ED0B10A3292}.Debug|Any CPU.ActiveCfg = Debug|Any CPU
		{7206BCE7-39D2-4B31-BDFF-0ED0B10A3292}.Debug|Any CPU.Build.0 = Debug|Any CPU
		{7206BCE7-39D2-4B31-BDFF-0ED0B10A3292}.Release|Any CPU.ActiveCfg = Release|Any CPU
		{7206BCE7-39D2-4B31-BDFF-0ED0B10A3292}.Release|Any CPU.Build.0 = Release|Any CPU
		{35882FC6-7564-4117-9579-74FAE5A5EFEE}.Debug|Any CPU.ActiveCfg = Debug|Any CPU
		{35882FC6-7564-4117-9579-74FAE5A5EFEE}.Debug|Any CPU.Build.0 = Debug|Any CPU
		{35882FC6-7564-4117-9579-74FAE5A5EFEE}.Release|Any CPU.ActiveCfg = Release|Any CPU
		{35882FC6-7564-4117-9579-74FAE5A5EFEE}.Release|Any CPU.Build.0 = Release|Any CPU
		{FD0CA861-5AC8-4B13-9A19-88988F25AE46}.Debug|Any CPU.ActiveCfg = Debug|Any CPU
		{FD0CA861-5AC8-4B13-9A19-88988F25AE46}.Debug|Any CPU.Build.0 = Debug|Any CPU
		{FD0CA861-5AC8-4B13-9A19-88988F25AE46}.Release|Any CPU.ActiveCfg = Release|Any CPU
		{FD0CA861-5AC8-4B13-9A19-88988F25AE46}.Release|Any CPU.Build.0 = Release|Any CPU
		{CD064A21-EAAA-47F3-B486-28046C1DCE4E}.Debug|Any CPU.ActiveCfg = Debug|Any CPU
		{CD064A21-EAAA-47F3-B486-28046C1DCE4E}.Debug|Any CPU.Build.0 = Debug|Any CPU
		{CD064A21-EAAA-47F3-B486-28046C1DCE4E}.Release|Any CPU.ActiveCfg = Release|Any CPU
		{CD064A21-EAAA-47F3-B486-28046C1DCE4E}.Release|Any CPU.Build.0 = Release|Any CPU
		{FCAD4CAF-9EE4-42FB-88D0-1A18D5859550}.Debug|Any CPU.ActiveCfg = Debug|Any CPU
		{FCAD4CAF-9EE4-42FB-88D0-1A18D5859550}.Debug|Any CPU.Build.0 = Debug|Any CPU
		{FCAD4CAF-9EE4-42FB-88D0-1A18D5859550}.Release|Any CPU.ActiveCfg = Release|Any CPU
		{FCAD4CAF-9EE4-42FB-88D0-1A18D5859550}.Release|Any CPU.Build.0 = Release|Any CPU
		{4F56FD06-F611-4AEF-B81C-A36EF31E0DCF}.Debug|Any CPU.ActiveCfg = Debug|Any CPU
		{4F56FD06-F611-4AEF-B81C-A36EF31E0DCF}.Debug|Any CPU.Build.0 = Debug|Any CPU
		{4F56FD06-F611-4AEF-B81C-A36EF31E0DCF}.Release|Any CPU.ActiveCfg = Release|Any CPU
		{4F56FD06-F611-4AEF-B81C-A36EF31E0DCF}.Release|Any CPU.Build.0 = Release|Any CPU
		{120FE849-29F1-474A-8855-135B10D235DF}.Debug|Any CPU.ActiveCfg = Debug|Any CPU
		{120FE849-29F1-474A-8855-135B10D235DF}.Debug|Any CPU.Build.0 = Debug|Any CPU
		{120FE849-29F1-474A-8855-135B10D235DF}.Release|Any CPU.ActiveCfg = Release|Any CPU
		{120FE849-29F1-474A-8855-135B10D235DF}.Release|Any CPU.Build.0 = Release|Any CPU
		{4D9D00C8-35F8-4AAF-9CF0-B439B540DBB0}.Debug|Any CPU.ActiveCfg = Debug|Any CPU
		{4D9D00C8-35F8-4AAF-9CF0-B439B540DBB0}.Debug|Any CPU.Build.0 = Debug|Any CPU
		{4D9D00C8-35F8-4AAF-9CF0-B439B540DBB0}.Release|Any CPU.ActiveCfg = Release|Any CPU
		{4D9D00C8-35F8-4AAF-9CF0-B439B540DBB0}.Release|Any CPU.Build.0 = Release|Any CPU
		{31C3C0CA-C970-44D9-BA0A-32FE59A0C974}.Debug|Any CPU.ActiveCfg = Debug|Any CPU
		{31C3C0CA-C970-44D9-BA0A-32FE59A0C974}.Debug|Any CPU.Build.0 = Debug|Any CPU
		{31C3C0CA-C970-44D9-BA0A-32FE59A0C974}.Release|Any CPU.ActiveCfg = Release|Any CPU
		{31C3C0CA-C970-44D9-BA0A-32FE59A0C974}.Release|Any CPU.Build.0 = Release|Any CPU
		{AC5E2F5E-15A9-4F24-9365-22A95E54AC80}.Debug|Any CPU.ActiveCfg = Debug|Any CPU
		{AC5E2F5E-15A9-4F24-9365-22A95E54AC80}.Debug|Any CPU.Build.0 = Debug|Any CPU
		{AC5E2F5E-15A9-4F24-9365-22A95E54AC80}.Release|Any CPU.ActiveCfg = Release|Any CPU
		{AC5E2F5E-15A9-4F24-9365-22A95E54AC80}.Release|Any CPU.Build.0 = Release|Any CPU
		{0C75AAF8-AD0D-4872-A576-8A43DF49B1BE}.Debug|Any CPU.ActiveCfg = Debug|Any CPU
		{0C75AAF8-AD0D-4872-A576-8A43DF49B1BE}.Debug|Any CPU.Build.0 = Debug|Any CPU
		{0C75AAF8-AD0D-4872-A576-8A43DF49B1BE}.Release|Any CPU.ActiveCfg = Release|Any CPU
		{0C75AAF8-AD0D-4872-A576-8A43DF49B1BE}.Release|Any CPU.Build.0 = Release|Any CPU
		{BEB1FB5D-7D01-4937-BA5A-D11DA2883DBE}.Debug|Any CPU.ActiveCfg = Debug|Any CPU
		{BEB1FB5D-7D01-4937-BA5A-D11DA2883DBE}.Debug|Any CPU.Build.0 = Debug|Any CPU
		{BEB1FB5D-7D01-4937-BA5A-D11DA2883DBE}.Release|Any CPU.ActiveCfg = Release|Any CPU
		{BEB1FB5D-7D01-4937-BA5A-D11DA2883DBE}.Release|Any CPU.Build.0 = Release|Any CPU
		{E86CB5E0-132B-4A3F-BBF0-35720B1DCC86}.Debug|Any CPU.ActiveCfg = Debug|Any CPU
		{E86CB5E0-132B-4A3F-BBF0-35720B1DCC86}.Debug|Any CPU.Build.0 = Debug|Any CPU
		{E86CB5E0-132B-4A3F-BBF0-35720B1DCC86}.Release|Any CPU.ActiveCfg = Release|Any CPU
		{E86CB5E0-132B-4A3F-BBF0-35720B1DCC86}.Release|Any CPU.Build.0 = Release|Any CPU
		{398A4683-B6BF-4CB6-8703-8D3FFDFD0CC7}.Debug|Any CPU.ActiveCfg = Debug|Any CPU
		{398A4683-B6BF-4CB6-8703-8D3FFDFD0CC7}.Debug|Any CPU.Build.0 = Debug|Any CPU
		{398A4683-B6BF-4CB6-8703-8D3FFDFD0CC7}.Release|Any CPU.ActiveCfg = Release|Any CPU
		{398A4683-B6BF-4CB6-8703-8D3FFDFD0CC7}.Release|Any CPU.Build.0 = Release|Any CPU
		{FF3C045E-3FB1-4647-88B1-55ECD75019D1}.Debug|Any CPU.ActiveCfg = Debug|Any CPU
		{FF3C045E-3FB1-4647-88B1-55ECD75019D1}.Debug|Any CPU.Build.0 = Debug|Any CPU
		{FF3C045E-3FB1-4647-88B1-55ECD75019D1}.Release|Any CPU.ActiveCfg = Release|Any CPU
		{FF3C045E-3FB1-4647-88B1-55ECD75019D1}.Release|Any CPU.Build.0 = Release|Any CPU
		{90547D18-0BA0-4ED6-BE6A-194A690D86A8}.Debug|Any CPU.ActiveCfg = Debug|Any CPU
		{90547D18-0BA0-4ED6-BE6A-194A690D86A8}.Debug|Any CPU.Build.0 = Debug|Any CPU
		{90547D18-0BA0-4ED6-BE6A-194A690D86A8}.Release|Any CPU.ActiveCfg = Release|Any CPU
		{90547D18-0BA0-4ED6-BE6A-194A690D86A8}.Release|Any CPU.Build.0 = Release|Any CPU
		{51C13B08-48CF-4915-AD5D-4D0B9D04A1C2}.Debug|Any CPU.ActiveCfg = Debug|Any CPU
		{51C13B08-48CF-4915-AD5D-4D0B9D04A1C2}.Debug|Any CPU.Build.0 = Debug|Any CPU
		{51C13B08-48CF-4915-AD5D-4D0B9D04A1C2}.Release|Any CPU.ActiveCfg = Release|Any CPU
		{51C13B08-48CF-4915-AD5D-4D0B9D04A1C2}.Release|Any CPU.Build.0 = Release|Any CPU
	EndGlobalSection
	GlobalSection(SolutionProperties) = preSolution
		HideSolutionNode = FALSE
	EndGlobalSection
	GlobalSection(NestedProjects) = preSolution
		{D2E8DDC7-26D6-423D-A842-D4A5C4093D19} = {749A9F9B-E7F2-4492-8FE0-57EE9D5AA2F7}
		{F4397D95-5202-4E25-BF3E-80309DB45B99} = {E842E919-6673-4E40-9AEA-28B1FF5E2CD0}
		{5A5150ED-EDC0-4118-BC3E-14582A199BB3} = {50C49D41-4B67-4E03-9A1C-0ED75DE4C890}
		{41423C12-1486-41B6-8430-F90E837A75C4} = {E995DCDE-73C5-4756-831E-D1E5191C8BCC}
		{1C40BB4D-3DEC-489F-9F6B-DA5AD866F97D} = {1C0E990F-4156-4909-BF8A-4244FEE02C59}
		{F0433522-5E76-47A4-973E-93924D0B1313} = {EC6B215F-FA96-498E-A986-CF9E1E4D42B5}
		{D07B2497-C13C-497E-BA2E-6E6C07F9F008} = {EC6B215F-FA96-498E-A986-CF9E1E4D42B5}
		{36A1EF83-4019-4836-8528-824DB4AE9506} = {25B8A20F-FEDD-46B4-9BA8-4096319C3BC8}
		{DE644420-4891-4AB7-B45E-24DDE79765BB} = {77065221-FB33-4ABC-A1D8-AA856893E4F6}
		{C4EB5D2D-2336-469C-B304-51B3D3D08848} = {77065221-FB33-4ABC-A1D8-AA856893E4F6}
		{0B7766FA-CBE1-4BA1-8B74-3C9F5B3C5378} = {EC17FB48-9F25-466F-B040-244497683F81}
		{7A310A4E-71DB-4199-B958-0743EECD1806} = {9F624590-DD39-450F-B5CC-2837F60A4157}
		{EC38F5B0-B8AC-4A1A-97A6-9441BD143EC1} = {F8626989-1A5E-4979-BBB4-02983DB6FFE9}
		{B12526BA-A6D2-4DE6-A302-716A07211D40} = {EB5C0496-983F-45C1-955C-2BA0BD1C869E}
		{551112A6-DCF2-4E17-912D-5658B28B1483} = {9BB9FD55-2CD5-496B-8501-959B9F807FE9}
		{9E5CE81A-FBF6-4192-AE0F-24B4CFA64CFC} = {ABCC4447-74FB-4190-88D5-3F66D79B0706}
		{2A1C02C9-8831-4FB3-8241-E3C5B460E9D1} = {ABCC4447-74FB-4190-88D5-3F66D79B0706}
		{57857E95-9D44-4A1E-95BF-106D0775348A} = {ABCC4447-74FB-4190-88D5-3F66D79B0706}
		{D4D9148D-F50C-46D5-BCE4-1CAF4EE21F52} = {ABCC4447-74FB-4190-88D5-3F66D79B0706}
		{E7604AAC-1EE7-4CCF-9C6D-B75014F94549} = {ABCC4447-74FB-4190-88D5-3F66D79B0706}
		{2DA7521A-9C81-414B-95F6-7EFB53B8ED29} = {ABCC4447-74FB-4190-88D5-3F66D79B0706}
		{F7795EE6-B026-4753-955C-80D299DF7D22} = {ABCC4447-74FB-4190-88D5-3F66D79B0706}
		{73CBAB15-08A4-4500-913F-8F50FB46EAA5} = {F7795EE6-B026-4753-955C-80D299DF7D22}
		{3C0FFF08-D06A-4008-A857-3B02F9292472} = {73CBAB15-08A4-4500-913F-8F50FB46EAA5}
		{0B4EFE65-1198-4093-9C38-0584DE395B19} = {F7795EE6-B026-4753-955C-80D299DF7D22}
		{E9723739-C9A4-41C5-96D3-7FFCE921C920} = {0B4EFE65-1198-4093-9C38-0584DE395B19}
		{1BB65990-833E-4714-8051-FA0CFE71A90B} = {F7795EE6-B026-4753-955C-80D299DF7D22}
		{8362B2D0-92DF-4A9D-B048-7A81B3321FA9} = {1BB65990-833E-4714-8051-FA0CFE71A90B}
		{CDDD384E-DCC7-4376-9C52-ADE3E16A995E} = {F7795EE6-B026-4753-955C-80D299DF7D22}
		{F02DF2AD-0E98-4444-90D0-EAE7E1649B5F} = {CDDD384E-DCC7-4376-9C52-ADE3E16A995E}
		{D88E714F-998E-4057-9E5C-008C4B61D8D2} = {F7795EE6-B026-4753-955C-80D299DF7D22}
		{DD081848-2C12-4030-A939-0FA1AB8879DC} = {D88E714F-998E-4057-9E5C-008C4B61D8D2}
		{5FDD95C3-E3D8-42AF-9257-16CD4B3A4CAA} = {F7795EE6-B026-4753-955C-80D299DF7D22}
		{D01A9E9A-2AF7-451C-9948-237A604C37E1} = {5FDD95C3-E3D8-42AF-9257-16CD4B3A4CAA}
		{2AE77CD1-B234-4D2B-802E-98ACBA5D7D69} = {5FDD95C3-E3D8-42AF-9257-16CD4B3A4CAA}
		{4453A3DF-0FDC-4694-9F04-34204F44C04E} = {5FDD95C3-E3D8-42AF-9257-16CD4B3A4CAA}
		{20163AA5-B5E6-487D-AE7E-CA3525762047} = {5FDD95C3-E3D8-42AF-9257-16CD4B3A4CAA}
		{5C90F043-D5D3-4099-A887-86213BD5E2D3} = {5FDD95C3-E3D8-42AF-9257-16CD4B3A4CAA}
		{CF832B70-F089-4F4E-8EC8-B89322F9C7B7} = {5FDD95C3-E3D8-42AF-9257-16CD4B3A4CAA}
		{5B0FAF6C-46A2-4AF8-AF94-16725D8FFE50} = {F7795EE6-B026-4753-955C-80D299DF7D22}
		{4FCFBD83-6BE1-4F9D-9897-11214F40EC77} = {5B0FAF6C-46A2-4AF8-AF94-16725D8FFE50}
		{32F6782E-1278-4267-AD1F-D6615E286786} = {5B0FAF6C-46A2-4AF8-AF94-16725D8FFE50}
		{7206BCE7-39D2-4B31-BDFF-0ED0B10A3292} = {5B0FAF6C-46A2-4AF8-AF94-16725D8FFE50}
		{35882FC6-7564-4117-9579-74FAE5A5EFEE} = {67D72533-D676-4913-9C70-F2487FC494C0}
		{FD0CA861-5AC8-4B13-9A19-88988F25AE46} = {67D72533-D676-4913-9C70-F2487FC494C0}
		{67D72533-D676-4913-9C70-F2487FC494C0} = {ABCC4447-74FB-4190-88D5-3F66D79B0706}
		{CD064A21-EAAA-47F3-B486-28046C1DCE4E} = {67D72533-D676-4913-9C70-F2487FC494C0}
		{FCAD4CAF-9EE4-42FB-88D0-1A18D5859550} = {67D72533-D676-4913-9C70-F2487FC494C0}
		{4F56FD06-F611-4AEF-B81C-A36EF31E0DCF} = {1884432C-987C-4F0A-8DB4-8586FF49F029}
		{120FE849-29F1-474A-8855-135B10D235DF} = {1884432C-987C-4F0A-8DB4-8586FF49F029}
		{4D9D00C8-35F8-4AAF-9CF0-B439B540DBB0} = {1884432C-987C-4F0A-8DB4-8586FF49F029}
		{31C3C0CA-C970-44D9-BA0A-32FE59A0C974} = {1884432C-987C-4F0A-8DB4-8586FF49F029}
		{AC5E2F5E-15A9-4F24-9365-22A95E54AC80} = {58697731-A2DA-4D6C-856D-D4B731DBF720}
		{0C75AAF8-AD0D-4872-A576-8A43DF49B1BE} = {58697731-A2DA-4D6C-856D-D4B731DBF720}
		{BEB1FB5D-7D01-4937-BA5A-D11DA2883DBE} = {58697731-A2DA-4D6C-856D-D4B731DBF720}
		{E86CB5E0-132B-4A3F-BBF0-35720B1DCC86} = {58697731-A2DA-4D6C-856D-D4B731DBF720}
		{398A4683-B6BF-4CB6-8703-8D3FFDFD0CC7} = {58697731-A2DA-4D6C-856D-D4B731DBF720}
		{FF3C045E-3FB1-4647-88B1-55ECD75019D1} = {58697731-A2DA-4D6C-856D-D4B731DBF720}
		{90547D18-0BA0-4ED6-BE6A-194A690D86A8} = {58697731-A2DA-4D6C-856D-D4B731DBF720}
		{51C13B08-48CF-4915-AD5D-4D0B9D04A1C2} = {F27BD918-753F-4D01-AD5B-C5E812BF3556}
	EndGlobalSection
	GlobalSection(ExtensibilityGlobals) = postSolution
		SolutionGuid = {4A97F248-C01D-4403-9708-39DD917AA659}
	EndGlobalSection
EndGlobal
