
Microsoft Visual Studio Solution File, Format Version 12.00
# Visual Studio Version 17
VisualStudioVersion = 17.9.34728.123
MinimumVisualStudioVersion = 10.0.40219.1
Project("{9A19103F-16F7-4668-BE54-9A1E7A4F7556}") = "XH.FirstCode", "XH.FirstCode\XH.FirstCode.csproj", "{9D302F1B-019A-48D6-A53F-BEF64913ED7C}"
EndProject
Project("{9A19103F-16F7-4668-BE54-9A1E7A4F7556}") = "XH.ShapeLesson", "XH.ShapeLesson\XH.ShapeLesson.csproj", "{7FC8FE35-16C3-4E24-89CE-53B248B1EAF9}"
EndProject
Project("{2150E333-8FDC-42A3-9474-1A3956D46DE8}") = "基础控件属性事件", "基础控件属性事件", "{17CE525A-8D64-488E-AC92-D9796A60984F}"
EndProject
Project("{2150E333-8FDC-42A3-9474-1A3956D46DE8}") = "平面图形", "平面图形", "{DD307FE4-7E04-4047-A57E-6C4746ADC111}"
EndProject
Project("{2150E333-8FDC-42A3-9474-1A3956D46DE8}") = "画刷", "画刷", "{FDD2C1B2-4D58-420D-A595-40186D27FB48}"
EndProject
Project("{9A19103F-16F7-4668-BE54-9A1E7A4F7556}") = "XH.BrushLesson", "XH.BrushLesson\XH.BrushLesson.csproj", "{39A32BFD-66C9-4E7C-8091-183EAA9BB43D}"
EndProject
Project("{2150E333-8FDC-42A3-9474-1A3956D46DE8}") = "变形", "变形", "{ABD8AC39-7F6F-46EF-B4FA-0EDB5897F8CC}"
EndProject
Project("{9A19103F-16F7-4668-BE54-9A1E7A4F7556}") = "XH.TransformLesson", "XH.TransformLesson\XH.TransformLesson.csproj", "{9397D694-3232-4F0A-9403-BBC3F0A21D86}"
EndProject
Project("{2150E333-8FDC-42A3-9474-1A3956D46DE8}") = "20240603_WPF基础控件", "20240603_WPF基础控件", "{E842E919-6673-4E40-9AEA-28B1FF5E2CD0}"
EndProject
Project("{9A19103F-16F7-4668-BE54-9A1E7A4F7556}") = "XH.WPFBasicControls", "XH.WPFBasicControls\XH.WPFBasicControls.csproj", "{BCC44EC5-AC35-40EE-A18A-81AEE8704A50}"
EndProject
Project("{2150E333-8FDC-42A3-9474-1A3956D46DE8}") = "20240606_WPF对象画刷", "20240606_WPF对象画刷", "{E995DCDE-73C5-4756-831E-D1E5191C8BCC}"
	ProjectSection(SolutionItems) = preProject
		..\..\..\Pictures\Saved Pictures\R.jpg = ..\..\..\Pictures\Saved Pictures\R.jpg
	EndProjectSection
EndProject
Project("{2150E333-8FDC-42A3-9474-1A3956D46DE8}") = "20240606_WPF对象变形", "20240606_WPF对象变形", "{50C49D41-4B67-4E03-9A1C-0ED75DE4C890}"
EndProject
Project("{9A19103F-16F7-4668-BE54-9A1E7A4F7556}") = "XH.WPFObjectBrush", "XH.WPFObjectBrush\XH.WPFObjectBrush.csproj", "{4D888421-FBEA-4EF1-9E55-C7710020787E}"
EndProject
Project("{9A19103F-16F7-4668-BE54-9A1E7A4F7556}") = "XH.WPFObjectDeformation", "XH.WPFObjectDeformation\XH.WPFObjectDeformation.csproj", "{30DD53BD-FFEC-4E0D-A79D-0C3B481CFB9E}"
EndProject
Project("{2150E333-8FDC-42A3-9474-1A3956D46DE8}") = "20240620_WPF对象效果", "20240620_WPF对象效果", "{1C0E990F-4156-4909-BF8A-4244FEE02C59}"
EndProject
Project("{FAE04EC0-301F-11D3-BF4B-00C04F79EFBC}") = "XH.EffectLesson", "XH.EffectLesson\XH.EffectLesson.csproj", "{F7DF12AA-6A55-40FC-A4D5-80AB3518F165}"
EndProject
Project("{FAE04EC0-301F-11D3-BF4B-00C04F79EFBC}") = "XH.ThreeDLesson", "XH.ThreeDLesson\XH.ThreeDLesson.csproj", "{91C82FEE-7FA5-44E3-8760-072E3B9852BA}"
EndProject
Global
	GlobalSection(SolutionConfigurationPlatforms) = preSolution
		Debug|Any CPU = Debug|Any CPU
		Release|Any CPU = Release|Any CPU
	EndGlobalSection
	GlobalSection(ProjectConfigurationPlatforms) = postSolution
		{9D302F1B-019A-48D6-A53F-BEF64913ED7C}.Debug|Any CPU.ActiveCfg = Debug|Any CPU
		{9D302F1B-019A-48D6-A53F-BEF64913ED7C}.Debug|Any CPU.Build.0 = Debug|Any CPU
		{9D302F1B-019A-48D6-A53F-BEF64913ED7C}.Release|Any CPU.ActiveCfg = Release|Any CPU
		{9D302F1B-019A-48D6-A53F-BEF64913ED7C}.Release|Any CPU.Build.0 = Release|Any CPU
		{7FC8FE35-16C3-4E24-89CE-53B248B1EAF9}.Debug|Any CPU.ActiveCfg = Debug|Any CPU
		{7FC8FE35-16C3-4E24-89CE-53B248B1EAF9}.Debug|Any CPU.Build.0 = Debug|Any CPU
		{7FC8FE35-16C3-4E24-89CE-53B248B1EAF9}.Release|Any CPU.ActiveCfg = Release|Any CPU
		{7FC8FE35-16C3-4E24-89CE-53B248B1EAF9}.Release|Any CPU.Build.0 = Release|Any CPU
		{39A32BFD-66C9-4E7C-8091-183EAA9BB43D}.Debug|Any CPU.ActiveCfg = Debug|Any CPU
		{39A32BFD-66C9-4E7C-8091-183EAA9BB43D}.Debug|Any CPU.Build.0 = Debug|Any CPU
		{39A32BFD-66C9-4E7C-8091-183EAA9BB43D}.Release|Any CPU.ActiveCfg = Release|Any CPU
		{39A32BFD-66C9-4E7C-8091-183EAA9BB43D}.Release|Any CPU.Build.0 = Release|Any CPU
		{9397D694-3232-4F0A-9403-BBC3F0A21D86}.Debug|Any CPU.ActiveCfg = Debug|Any CPU
		{9397D694-3232-4F0A-9403-BBC3F0A21D86}.Debug|Any CPU.Build.0 = Debug|Any CPU
		{9397D694-3232-4F0A-9403-BBC3F0A21D86}.Release|Any CPU.ActiveCfg = Release|Any CPU
		{9397D694-3232-4F0A-9403-BBC3F0A21D86}.Release|Any CPU.Build.0 = Release|Any CPU
		{BCC44EC5-AC35-40EE-A18A-81AEE8704A50}.Debug|Any CPU.ActiveCfg = Debug|Any CPU
		{BCC44EC5-AC35-40EE-A18A-81AEE8704A50}.Debug|Any CPU.Build.0 = Debug|Any CPU
		{BCC44EC5-AC35-40EE-A18A-81AEE8704A50}.Release|Any CPU.ActiveCfg = Release|Any CPU
		{BCC44EC5-AC35-40EE-A18A-81AEE8704A50}.Release|Any CPU.Build.0 = Release|Any CPU
		{4D888421-FBEA-4EF1-9E55-C7710020787E}.Debug|Any CPU.ActiveCfg = Debug|Any CPU
		{4D888421-FBEA-4EF1-9E55-C7710020787E}.Debug|Any CPU.Build.0 = Debug|Any CPU
		{4D888421-FBEA-4EF1-9E55-C7710020787E}.Release|Any CPU.ActiveCfg = Release|Any CPU
		{4D888421-FBEA-4EF1-9E55-C7710020787E}.Release|Any CPU.Build.0 = Release|Any CPU
		{30DD53BD-FFEC-4E0D-A79D-0C3B481CFB9E}.Debug|Any CPU.ActiveCfg = Debug|Any CPU
		{30DD53BD-FFEC-4E0D-A79D-0C3B481CFB9E}.Debug|Any CPU.Build.0 = Debug|Any CPU
		{30DD53BD-FFEC-4E0D-A79D-0C3B481CFB9E}.Release|Any CPU.ActiveCfg = Release|Any CPU
		{30DD53BD-FFEC-4E0D-A79D-0C3B481CFB9E}.Release|Any CPU.Build.0 = Release|Any CPU
		{F7DF12AA-6A55-40FC-A4D5-80AB3518F165}.Debug|Any CPU.ActiveCfg = Debug|Any CPU
		{F7DF12AA-6A55-40FC-A4D5-80AB3518F165}.Debug|Any CPU.Build.0 = Debug|Any CPU
		{F7DF12AA-6A55-40FC-A4D5-80AB3518F165}.Release|Any CPU.ActiveCfg = Release|Any CPU
		{F7DF12AA-6A55-40FC-A4D5-80AB3518F165}.Release|Any CPU.Build.0 = Release|Any CPU
		{91C82FEE-7FA5-44E3-8760-072E3B9852BA}.Debug|Any CPU.ActiveCfg = Debug|Any CPU
		{91C82FEE-7FA5-44E3-8760-072E3B9852BA}.Debug|Any CPU.Build.0 = Debug|Any CPU
		{91C82FEE-7FA5-44E3-8760-072E3B9852BA}.Release|Any CPU.ActiveCfg = Release|Any CPU
		{91C82FEE-7FA5-44E3-8760-072E3B9852BA}.Release|Any CPU.Build.0 = Release|Any CPU
	EndGlobalSection
	GlobalSection(SolutionProperties) = preSolution
		HideSolutionNode = FALSE
	EndGlobalSection
	GlobalSection(NestedProjects) = preSolution
		{9D302F1B-019A-48D6-A53F-BEF64913ED7C} = {17CE525A-8D64-488E-AC92-D9796A60984F}
		{7FC8FE35-16C3-4E24-89CE-53B248B1EAF9} = {DD307FE4-7E04-4047-A57E-6C4746ADC111}
		{39A32BFD-66C9-4E7C-8091-183EAA9BB43D} = {FDD2C1B2-4D58-420D-A595-40186D27FB48}
		{9397D694-3232-4F0A-9403-BBC3F0A21D86} = {ABD8AC39-7F6F-46EF-B4FA-0EDB5897F8CC}
		{BCC44EC5-AC35-40EE-A18A-81AEE8704A50} = {E842E919-6673-4E40-9AEA-28B1FF5E2CD0}
		{4D888421-FBEA-4EF1-9E55-C7710020787E} = {E995DCDE-73C5-4756-831E-D1E5191C8BCC}
		{30DD53BD-FFEC-4E0D-A79D-0C3B481CFB9E} = {50C49D41-4B67-4E03-9A1C-0ED75DE4C890}
		{F7DF12AA-6A55-40FC-A4D5-80AB3518F165} = {1C0E990F-4156-4909-BF8A-4244FEE02C59}
		{91C82FEE-7FA5-44E3-8760-072E3B9852BA} = {1C0E990F-4156-4909-BF8A-4244FEE02C59}
	EndGlobalSection
	GlobalSection(ExtensibilityGlobals) = postSolution
		SolutionGuid = {4A97F248-C01D-4403-9708-39DD917AA659}
	EndGlobalSection
EndGlobal
